
Microsoft Visual Studio Solution File, Format Version 12.00
# Visual Studio Version 17
VisualStudioVersion = 17.3.32922.545
MinimumVisualStudioVersion = 10.0.40219.1
Project("{FAE04EC0-301F-11D3-BF4B-00C04F79EFBC}") = "Classes", "Classes.csproj", "{FCB0DA3F-045A-4FF8-8482-4287F1FBEFED}"
EndProject
Global
	GlobalSection(SolutionConfigurationPlatforms) = preSolution
		Debug|Any CPU = Debug|Any CPU
		Release|Any CPU = Release|Any CPU
	EndGlobalSection
	GlobalSection(ProjectConfigurationPlatforms) = postSolution
		{FCB0DA3F-045A-4FF8-8482-4287F1FBEFED}.Debug|Any CPU.ActiveCfg = Debug|Any CPU
		{FCB0DA3F-045A-4FF8-8482-4287F1FBEFED}.Debug|Any CPU.Build.0 = Debug|Any CPU
		{FCB0DA3F-045A-4FF8-8482-4287F1FBEFED}.Release|Any CPU.ActiveCfg = Release|Any CPU
		{FCB0DA3F-045A-4FF8-8482-4287F1FBEFED}.Release|Any CPU.Build.0 = Release|Any CPU
	EndGlobalSection
	GlobalSection(SolutionProperties) = preSolution
		HideSolutionNode = FALSE
	EndGlobalSection
	GlobalSection(ExtensibilityGlobals) = postSolution
		SolutionGuid = {55A3449E-BA64-4F1F-AEC9-BEFFEF675732}
	EndGlobalSection
EndGlobal
